
Microsoft Visual Studio Solution File, Format Version 12.00
# Visual Studio 15
VisualStudioVersion = 15.0.28307.271
MinimumVisualStudioVersion = 10.0.40219.1
Project("{FAE04EC0-301F-11D3-BF4B-00C04F79EFBC}") = "Felpfran.WebApi.NetCore", "Felpfran.WebApi.NetCore\Felpfran.WebApi.NetCore.csproj", "{358F94F1-E979-447A-A6BA-0C6A7FD232CA}"
EndProject
Global
	GlobalSection(SolutionConfigurationPlatforms) = preSolution
		Debug|Any CPU = Debug|Any CPU
		Release|Any CPU = Release|Any CPU
	EndGlobalSection
	GlobalSection(ProjectConfigurationPlatforms) = postSolution
		{358F94F1-E979-447A-A6BA-0C6A7FD232CA}.Debug|Any CPU.ActiveCfg = Debug|Any CPU
		{358F94F1-E979-447A-A6BA-0C6A7FD232CA}.Debug|Any CPU.Build.0 = Debug|Any CPU
		{358F94F1-E979-447A-A6BA-0C6A7FD232CA}.Release|Any CPU.ActiveCfg = Release|Any CPU
		{358F94F1-E979-447A-A6BA-0C6A7FD232CA}.Release|Any CPU.Build.0 = Release|Any CPU
	EndGlobalSection
	GlobalSection(SolutionProperties) = preSolution
		HideSolutionNode = FALSE
	EndGlobalSection
	GlobalSection(ExtensibilityGlobals) = postSolution
		SolutionGuid = {A7A63336-F983-44A7-92FE-2B3E3795B04E}
	EndGlobalSection
EndGlobal
